
Microsoft Visual Studio Solution File, Format Version 12.00
# Visual Studio Version 17
VisualStudioVersion = 17.8.34408.163
MinimumVisualStudioVersion = 10.0.40219.1
Project("{FAE04EC0-301F-11D3-BF4B-00C04F79EFBC}") = "Bookify.Web", "Bookify.Web\Bookify.Web.csproj", "{4229CCD6-0075-4CE7-81BB-4F642C508B2D}"
EndProject
Global
	GlobalSection(SolutionConfigurationPlatforms) = preSolution
		Debug|Any CPU = Debug|Any CPU
		Release|Any CPU = Release|Any CPU
	EndGlobalSection
	GlobalSection(ProjectConfigurationPlatforms) = postSolution
		{4229CCD6-0075-4CE7-81BB-4F642C508B2D}.Debug|Any CPU.ActiveCfg = Debug|Any CPU
		{4229CCD6-0075-4CE7-81BB-4F642C508B2D}.Debug|Any CPU.Build.0 = Debug|Any CPU
		{4229CCD6-0075-4CE7-81BB-4F642C508B2D}.Release|Any CPU.ActiveCfg = Release|Any CPU
		{4229CCD6-0075-4CE7-81BB-4F642C508B2D}.Release|Any CPU.Build.0 = Release|Any CPU
	EndGlobalSection
	GlobalSection(SolutionProperties) = preSolution
		HideSolutionNode = FALSE
	EndGlobalSection
	GlobalSection(ExtensibilityGlobals) = postSolution
		SolutionGuid = {BB15B358-0494-4EE3-BF69-7A0E977994CD}
	EndGlobalSection
EndGlobal
